
Microsoft Visual Studio Solution File, Format Version 12.00
# Visual Studio Version 17
VisualStudioVersion = 17.0.31903.59
MinimumVisualStudioVersion = 10.0.40219.1
Project("{FAE04EC0-301F-11D3-BF4B-00C04F79EFBC}") = "00_Introducción", "00_Introducción\00_Introducción.csproj", "{CA6D8F53-77E7-42E9-AB66-F509A2080373}"
EndProject
Project("{FAE04EC0-301F-11D3-BF4B-00C04F79EFBC}") = "00_práctica", "..\00_práctica\00_práctica.csproj", "{3607E3CA-6B50-460C-8CDC-5553FF29DE56}"
EndProject
Global
	GlobalSection(SolutionConfigurationPlatforms) = preSolution
		Debug|Any CPU = Debug|Any CPU
		Debug|x64 = Debug|x64
		Debug|x86 = Debug|x86
		Release|Any CPU = Release|Any CPU
		Release|x64 = Release|x64
		Release|x86 = Release|x86
	EndGlobalSection
	GlobalSection(ProjectConfigurationPlatforms) = postSolution
		{CA6D8F53-77E7-42E9-AB66-F509A2080373}.Debug|Any CPU.ActiveCfg = Debug|Any CPU
		{CA6D8F53-77E7-42E9-AB66-F509A2080373}.Debug|Any CPU.Build.0 = Debug|Any CPU
		{CA6D8F53-77E7-42E9-AB66-F509A2080373}.Debug|x64.ActiveCfg = Debug|Any CPU
		{CA6D8F53-77E7-42E9-AB66-F509A2080373}.Debug|x64.Build.0 = Debug|Any CPU
		{CA6D8F53-77E7-42E9-AB66-F509A2080373}.Debug|x86.ActiveCfg = Debug|Any CPU
		{CA6D8F53-77E7-42E9-AB66-F509A2080373}.Debug|x86.Build.0 = Debug|Any CPU
		{CA6D8F53-77E7-42E9-AB66-F509A2080373}.Release|Any CPU.ActiveCfg = Release|Any CPU
		{CA6D8F53-77E7-42E9-AB66-F509A2080373}.Release|Any CPU.Build.0 = Release|Any CPU
		{CA6D8F53-77E7-42E9-AB66-F509A2080373}.Release|x64.ActiveCfg = Release|Any CPU
		{CA6D8F53-77E7-42E9-AB66-F509A2080373}.Release|x64.Build.0 = Release|Any CPU
		{CA6D8F53-77E7-42E9-AB66-F509A2080373}.Release|x86.ActiveCfg = Release|Any CPU
		{CA6D8F53-77E7-42E9-AB66-F509A2080373}.Release|x86.Build.0 = Release|Any CPU
		{3607E3CA-6B50-460C-8CDC-5553FF29DE56}.Debug|Any CPU.ActiveCfg = Debug|Any CPU
		{3607E3CA-6B50-460C-8CDC-5553FF29DE56}.Debug|Any CPU.Build.0 = Debug|Any CPU
		{3607E3CA-6B50-460C-8CDC-5553FF29DE56}.Debug|x64.ActiveCfg = Debug|Any CPU
		{3607E3CA-6B50-460C-8CDC-5553FF29DE56}.Debug|x64.Build.0 = Debug|Any CPU
		{3607E3CA-6B50-460C-8CDC-5553FF29DE56}.Debug|x86.ActiveCfg = Debug|Any CPU
		{3607E3CA-6B50-460C-8CDC-5553FF29DE56}.Debug|x86.Build.0 = Debug|Any CPU
		{3607E3CA-6B50-460C-8CDC-5553FF29DE56}.Release|Any CPU.ActiveCfg = Release|Any CPU
		{3607E3CA-6B50-460C-8CDC-5553FF29DE56}.Release|Any CPU.Build.0 = Release|Any CPU
		{3607E3CA-6B50-460C-8CDC-5553FF29DE56}.Release|x64.ActiveCfg = Release|Any CPU
		{3607E3CA-6B50-460C-8CDC-5553FF29DE56}.Release|x64.Build.0 = Release|Any CPU
		{3607E3CA-6B50-460C-8CDC-5553FF29DE56}.Release|x86.ActiveCfg = Release|Any CPU
		{3607E3CA-6B50-460C-8CDC-5553FF29DE56}.Release|x86.Build.0 = Release|Any CPU
	EndGlobalSection
	GlobalSection(SolutionProperties) = preSolution
		HideSolutionNode = FALSE
	EndGlobalSection
EndGlobal
