
Microsoft Visual Studio Solution File, Format Version 12.00
# Visual Studio Version 17
VisualStudioVersion = 17.5.2.0
MinimumVisualStudioVersion = 10.0.40219.1
Project("{FAE04EC0-301F-11D3-BF4B-00C04F79EFBC}") = "00_práctica", "00_práctica.csproj", "{3ECCD4B7-B0E0-0F5E-6DC0-7091BA0B712B}"
EndProject
Global
	GlobalSection(SolutionConfigurationPlatforms) = preSolution
		Debug|Any CPU = Debug|Any CPU
		Release|Any CPU = Release|Any CPU
	EndGlobalSection
	GlobalSection(ProjectConfigurationPlatforms) = postSolution
		{3ECCD4B7-B0E0-0F5E-6DC0-7091BA0B712B}.Debug|Any CPU.ActiveCfg = Debug|Any CPU
		{3ECCD4B7-B0E0-0F5E-6DC0-7091BA0B712B}.Debug|Any CPU.Build.0 = Debug|Any CPU
		{3ECCD4B7-B0E0-0F5E-6DC0-7091BA0B712B}.Release|Any CPU.ActiveCfg = Release|Any CPU
		{3ECCD4B7-B0E0-0F5E-6DC0-7091BA0B712B}.Release|Any CPU.Build.0 = Release|Any CPU
	EndGlobalSection
	GlobalSection(SolutionProperties) = preSolution
		HideSolutionNode = FALSE
	EndGlobalSection
	GlobalSection(ExtensibilityGlobals) = postSolution
		SolutionGuid = {B0298BF6-3134-442B-B133-8662767B7E2F}
	EndGlobalSection
EndGlobal
